// !$*UTF8*$!
{
	archiveVersion = 1;
	classes = {
	};
	objectVersion = 46;
	objects = {

/* Begin PBXBuildFile section */
		17136635194CD020000818AF /* BlueforceConstants.m in Sources */ = {isa = PBXBuildFile; fileRef = 17136634194CD020000818AF /* BlueforceConstants.m */; };
		17D02138194B811800EF5788 /* Foundation.framework in Frameworks */ = {isa = PBXBuildFile; fileRef = 17D02137194B811800EF5788 /* Foundation.framework */; };
		17D0213D194B811800EF5788 /* BlueforceConnectionManager.h in CopyFiles */ = {isa = PBXBuildFile; fileRef = 17D0213C194B811800EF5788 /* BlueforceConnectionManager.h */; };
		17D0213F194B811800EF5788 /* BlueforceConnectionManager.m in Sources */ = {isa = PBXBuildFile; fileRef = 17D0213E194B811800EF5788 /* BlueforceConnectionManager.m */; };
		17D02146194B811800EF5788 /* XCTest.framework in Frameworks */ = {isa = PBXBuildFile; fileRef = 17D02145194B811800EF5788 /* XCTest.framework */; };
		17D02147194B811800EF5788 /* Foundation.framework in Frameworks */ = {isa = PBXBuildFile; fileRef = 17D02137194B811800EF5788 /* Foundation.framework */; };
		17D02149194B811800EF5788 /* UIKit.framework in Frameworks */ = {isa = PBXBuildFile; fileRef = 17D02148194B811800EF5788 /* UIKit.framework */; };
		17D0214C194B811800EF5788 /* libBlueforce.a in Frameworks */ = {isa = PBXBuildFile; fileRef = 17D02134194B811800EF5788 /* libBlueforce.a */; };
		17D02152194B811800EF5788 /* InfoPlist.strings in Resources */ = {isa = PBXBuildFile; fileRef = 17D02150194B811800EF5788 /* InfoPlist.strings */; };
		17D02154194B811800EF5788 /* BlueforceTests.m in Sources */ = {isa = PBXBuildFile; fileRef = 17D02153194B811800EF5788 /* BlueforceTests.m */; };
		17D0215F194B8FAD00EF5788 /* BlueforceConnection.m in Sources */ = {isa = PBXBuildFile; fileRef = 17D0215E194B8FAD00EF5788 /* BlueforceConnection.m */; };
		17D021B0194C304100EF5788 /* BlueforceConnection.h in CopyFiles */ = {isa = PBXBuildFile; fileRef = 17D0215D194B8FAD00EF5788 /* BlueforceConnection.h */; };
/* End PBXBuildFile section */

/* Begin PBXContainerItemProxy section */
		17D0214A194B811800EF5788 /* PBXContainerItemProxy */ = {
			isa = PBXContainerItemProxy;
			containerPortal = 17D0212C194B811800EF5788 /* Project object */;
			proxyType = 1;
			remoteGlobalIDString = 17D02133194B811800EF5788;
			remoteInfo = Blueforce;
		};
/* End PBXContainerItemProxy section */

/* Begin PBXCopyFilesBuildPhase section */
		17D02132194B811800EF5788 /* CopyFiles */ = {
			isa = PBXCopyFilesBuildPhase;
			buildActionMask = 2147483647;
			dstPath = "include/$(PRODUCT_NAME)";
			dstSubfolderSpec = 16;
			files = (
				17D021B0194C304100EF5788 /* BlueforceConnection.h in CopyFiles */,
				17D0213D194B811800EF5788 /* BlueforceConnectionManager.h in CopyFiles */,
			);
			runOnlyForDeploymentPostprocessing = 0;
		};
/* End PBXCopyFilesBuildPhase section */

/* Begin PBXFileReference section */
		17136633194CD020000818AF /* BlueforceConstants.h */ = {isa = PBXFileReference; fileEncoding = 4; lastKnownFileType = sourcecode.c.h; path = BlueforceConstants.h; sourceTree = "<group>"; };
		17136634194CD020000818AF /* BlueforceConstants.m */ = {isa = PBXFileReference; fileEncoding = 4; lastKnownFileType = sourcecode.c.objc; path = BlueforceConstants.m; sourceTree = "<group>"; };
		17D02134194B811800EF5788 /* libBlueforce.a */ = {isa = PBXFileReference; explicitFileType = archive.ar; includeInIndex = 0; path = libBlueforce.a; sourceTree = BUILT_PRODUCTS_DIR; };
		17D02137194B811800EF5788 /* Foundation.framework */ = {isa = PBXFileReference; lastKnownFileType = wrapper.framework; name = Foundation.framework; path = System/Library/Frameworks/Foundation.framework; sourceTree = SDKROOT; };
		17D0213B194B811800EF5788 /* Blueforce-Prefix.pch */ = {isa = PBXFileReference; lastKnownFileType = sourcecode.c.h; path = "Blueforce-Prefix.pch"; sourceTree = "<group>"; };
		17D0213C194B811800EF5788 /* BlueforceConnectionManager.h */ = {isa = PBXFileReference; lastKnownFileType = sourcecode.c.h; path = BlueforceConnectionManager.h; sourceTree = "<group>"; };
		17D0213E194B811800EF5788 /* BlueforceConnectionManager.m */ = {isa = PBXFileReference; lastKnownFileType = sourcecode.c.objc; path = BlueforceConnectionManager.m; sourceTree = "<group>"; };
		17D02144194B811800EF5788 /* BlueforceTests.xctest */ = {isa = PBXFileReference; explicitFileType = wrapper.cfbundle; includeInIndex = 0; path = BlueforceTests.xctest; sourceTree = BUILT_PRODUCTS_DIR; };
		17D02145194B811800EF5788 /* XCTest.framework */ = {isa = PBXFileReference; lastKnownFileType = wrapper.framework; name = XCTest.framework; path = Library/Frameworks/XCTest.framework; sourceTree = DEVELOPER_DIR; };
		17D02148194B811800EF5788 /* UIKit.framework */ = {isa = PBXFileReference; lastKnownFileType = wrapper.framework; name = UIKit.framework; path = Library/Frameworks/UIKit.framework; sourceTree = DEVELOPER_DIR; };
		17D0214F194B811800EF5788 /* BlueforceTests-Info.plist */ = {isa = PBXFileReference; lastKnownFileType = text.plist.xml; path = "BlueforceTests-Info.plist"; sourceTree = "<group>"; };
		17D02151194B811800EF5788 /* en */ = {isa = PBXFileReference; lastKnownFileType = text.plist.strings; name = en; path = en.lproj/InfoPlist.strings; sourceTree = "<group>"; };
		17D02153194B811800EF5788 /* BlueforceTests.m */ = {isa = PBXFileReference; lastKnownFileType = sourcecode.c.objc; path = BlueforceTests.m; sourceTree = "<group>"; };
		17D0215D194B8FAD00EF5788 /* BlueforceConnection.h */ = {isa = PBXFileReference; fileEncoding = 4; lastKnownFileType = sourcecode.c.h; path = BlueforceConnection.h; sourceTree = "<group>"; };
		17D0215E194B8FAD00EF5788 /* BlueforceConnection.m */ = {isa = PBXFileReference; fileEncoding = 4; lastKnownFileType = sourcecode.c.objc; path = BlueforceConnection.m; sourceTree = "<group>"; };
/* End PBXFileReference section */

/* Begin PBXFrameworksBuildPhase section */
		17D02131194B811800EF5788 /* Frameworks */ = {
			isa = PBXFrameworksBuildPhase;
			buildActionMask = 2147483647;
			files = (
				17D02138194B811800EF5788 /* Foundation.framework in Frameworks */,
			);
			runOnlyForDeploymentPostprocessing = 0;
		};
		17D02141194B811800EF5788 /* Frameworks */ = {
			isa = PBXFrameworksBuildPhase;
			buildActionMask = 2147483647;
			files = (
				17D02146194B811800EF5788 /* XCTest.framework in Frameworks */,
				17D02149194B811800EF5788 /* UIKit.framework in Frameworks */,
				17D02147194B811800EF5788 /* Foundation.framework in Frameworks */,
				17D0214C194B811800EF5788 /* libBlueforce.a in Frameworks */,
			);
			runOnlyForDeploymentPostprocessing = 0;
		};
/* End PBXFrameworksBuildPhase section */

/* Begin PBXGroup section */
		17136636194CD032000818AF /* Constants */ = {
			isa = PBXGroup;
			children = (
				17136633194CD020000818AF /* BlueforceConstants.h */,
				17136634194CD020000818AF /* BlueforceConstants.m */,
			);
			name = Constants;
			sourceTree = "<group>";
		};
		17D0212B194B811800EF5788 = {
			isa = PBXGroup;
			children = (
				17D02139194B811800EF5788 /* Blueforce */,
				17D0214D194B811800EF5788 /* BlueforceTests */,
				17D02136194B811800EF5788 /* Frameworks */,
				17D02135194B811800EF5788 /* Products */,
			);
			sourceTree = "<group>";
		};
		17D02135194B811800EF5788 /* Products */ = {
			isa = PBXGroup;
			children = (
				17D02134194B811800EF5788 /* libBlueforce.a */,
				17D02144194B811800EF5788 /* BlueforceTests.xctest */,
			);
			name = Products;
			sourceTree = "<group>";
		};
		17D02136194B811800EF5788 /* Frameworks */ = {
			isa = PBXGroup;
			children = (
				17D02137194B811800EF5788 /* Foundation.framework */,
				17D02145194B811800EF5788 /* XCTest.framework */,
				17D02148194B811800EF5788 /* UIKit.framework */,
			);
			name = Frameworks;
			sourceTree = "<group>";
		};
		17D02139194B811800EF5788 /* Blueforce */ = {
			isa = PBXGroup;
			children = (
				17136636194CD032000818AF /* Constants */,
				17D021AF194C260B00EF5788 /* Headers */,
				17D0215E194B8FAD00EF5788 /* BlueforceConnection.m */,
				17D0213E194B811800EF5788 /* BlueforceConnectionManager.m */,
				17D0213A194B811800EF5788 /* Supporting Files */,
			);
			path = Blueforce;
			sourceTree = "<group>";
		};
		17D0213A194B811800EF5788 /* Supporting Files */ = {
			isa = PBXGroup;
			children = (
				17D0213B194B811800EF5788 /* Blueforce-Prefix.pch */,
			);
			name = "Supporting Files";
			sourceTree = "<group>";
		};
		17D0214D194B811800EF5788 /* BlueforceTests */ = {
			isa = PBXGroup;
			children = (
				17D02153194B811800EF5788 /* BlueforceTests.m */,
				17D0214E194B811800EF5788 /* Supporting Files */,
			);
			path = BlueforceTests;
			sourceTree = "<group>";
		};
		17D0214E194B811800EF5788 /* Supporting Files */ = {
			isa = PBXGroup;
			children = (
				17D0214F194B811800EF5788 /* BlueforceTests-Info.plist */,
				17D02150194B811800EF5788 /* InfoPlist.strings */,
			);
			name = "Supporting Files";
			sourceTree = "<group>";
		};
		17D021AF194C260B00EF5788 /* Headers */ = {
			isa = PBXGroup;
			children = (
				17D0213C194B811800EF5788 /* BlueforceConnectionManager.h */,
				17D0215D194B8FAD00EF5788 /* BlueforceConnection.h */,
			);
			name = Headers;
			sourceTree = "<group>";
		};
/* End PBXGroup section */

/* Begin PBXNativeTarget section */
		17D02133194B811800EF5788 /* Blueforce */ = {
			isa = PBXNativeTarget;
			buildConfigurationList = 17D02157194B811800EF5788 /* Build configuration list for PBXNativeTarget "Blueforce" */;
			buildPhases = (
				17D02130194B811800EF5788 /* Sources */,
				17D02131194B811800EF5788 /* Frameworks */,
				17D02132194B811800EF5788 /* CopyFiles */,
			);
			buildRules = (
			);
			dependencies = (
			);
			name = Blueforce;
			productName = Blueforce;
			productReference = 17D02134194B811800EF5788 /* libBlueforce.a */;
			productType = "com.apple.product-type.library.static";
		};
		17D02143194B811800EF5788 /* BlueforceTests */ = {
			isa = PBXNativeTarget;
			buildConfigurationList = 17D0215A194B811800EF5788 /* Build configuration list for PBXNativeTarget "BlueforceTests" */;
			buildPhases = (
				17D02140194B811800EF5788 /* Sources */,
				17D02141194B811800EF5788 /* Frameworks */,
				17D02142194B811800EF5788 /* Resources */,
			);
			buildRules = (
			);
			dependencies = (
				17D0214B194B811800EF5788 /* PBXTargetDependency */,
			);
			name = BlueforceTests;
			productName = BlueforceTests;
			productReference = 17D02144194B811800EF5788 /* BlueforceTests.xctest */;
			productType = "com.apple.product-type.bundle.unit-test";
		};
/* End PBXNativeTarget section */

/* Begin PBXProject section */
		17D0212C194B811800EF5788 /* Project object */ = {
			isa = PBXProject;
			attributes = {
				LastUpgradeCheck = 0510;
				ORGANIZATIONNAME = Getaround;
			};
			buildConfigurationList = 17D0212F194B811800EF5788 /* Build configuration list for PBXProject "Blueforce" */;
			compatibilityVersion = "Xcode 3.2";
			developmentRegion = English;
			hasScannedForEncodings = 0;
			knownRegions = (
				en,
			);
			mainGroup = 17D0212B194B811800EF5788;
			productRefGroup = 17D02135194B811800EF5788 /* Products */;
			projectDirPath = "";
			projectRoot = "";
			targets = (
				17D02133194B811800EF5788 /* Blueforce */,
				17D02143194B811800EF5788 /* BlueforceTests */,
			);
		};
/* End PBXProject section */

/* Begin PBXResourcesBuildPhase section */
		17D02142194B811800EF5788 /* Resources */ = {
			isa = PBXResourcesBuildPhase;
			buildActionMask = 2147483647;
			files = (
				17D02152194B811800EF5788 /* InfoPlist.strings in Resources */,
			);
			runOnlyForDeploymentPostprocessing = 0;
		};
/* End PBXResourcesBuildPhase section */

/* Begin PBXSourcesBuildPhase section */
		17D02130194B811800EF5788 /* Sources */ = {
			isa = PBXSourcesBuildPhase;
			buildActionMask = 2147483647;
			files = (
				17D0213F194B811800EF5788 /* BlueforceConnectionManager.m in Sources */,
				17D0215F194B8FAD00EF5788 /* BlueforceConnection.m in Sources */,
				17136635194CD020000818AF /* BlueforceConstants.m in Sources */,
			);
			runOnlyForDeploymentPostprocessing = 0;
		};
		17D02140194B811800EF5788 /* Sources */ = {
			isa = PBXSourcesBuildPhase;
			buildActionMask = 2147483647;
			files = (
				17D02154194B811800EF5788 /* BlueforceTests.m in Sources */,
			);
			runOnlyForDeploymentPostprocessing = 0;
		};
/* End PBXSourcesBuildPhase section */

/* Begin PBXTargetDependency section */
		17D0214B194B811800EF5788 /* PBXTargetDependency */ = {
			isa = PBXTargetDependency;
			target = 17D02133194B811800EF5788 /* Blueforce */;
			targetProxy = 17D0214A194B811800EF5788 /* PBXContainerItemProxy */;
		};
/* End PBXTargetDependency section */

/* Begin PBXVariantGroup section */
		17D02150194B811800EF5788 /* InfoPlist.strings */ = {
			isa = PBXVariantGroup;
			children = (
				17D02151194B811800EF5788 /* en */,
			);
			name = InfoPlist.strings;
			sourceTree = "<group>";
		};
/* End PBXVariantGroup section */

/* Begin XCBuildConfiguration section */
		17D02155194B811800EF5788 /* Debug */ = {
			isa = XCBuildConfiguration;
			buildSettings = {
				ALWAYS_SEARCH_USER_PATHS = NO;
				CLANG_CXX_LANGUAGE_STANDARD = "gnu++0x";
				CLANG_CXX_LIBRARY = "libc++";
				CLANG_ENABLE_MODULES = YES;
				CLANG_ENABLE_OBJC_ARC = YES;
				CLANG_WARN_BOOL_CONVERSION = YES;
				CLANG_WARN_CONSTANT_CONVERSION = YES;
				CLANG_WARN_DIRECT_OBJC_ISA_USAGE = YES_ERROR;
				CLANG_WARN_EMPTY_BODY = YES;
				CLANG_WARN_ENUM_CONVERSION = YES;
				CLANG_WARN_INT_CONVERSION = YES;
				CLANG_WARN_OBJC_ROOT_CLASS = YES_ERROR;
				CLANG_WARN__DUPLICATE_METHOD_MATCH = YES;
				COPY_PHASE_STRIP = NO;
				GCC_C_LANGUAGE_STANDARD = gnu99;
				GCC_DYNAMIC_NO_PIC = NO;
				GCC_OPTIMIZATION_LEVEL = 0;
				GCC_PREPROCESSOR_DEFINITIONS = (
					"DEBUG=1",
					"$(inherited)",
				);
				GCC_SYMBOLS_PRIVATE_EXTERN = NO;
				GCC_WARN_64_TO_32_BIT_CONVERSION = YES;
				GCC_WARN_ABOUT_RETURN_TYPE = YES_ERROR;
				GCC_WARN_UNDECLARED_SELECTOR = YES;
				GCC_WARN_UNINITIALIZED_AUTOS = YES_AGGRESSIVE;
				GCC_WARN_UNUSED_FUNCTION = YES;
				GCC_WARN_UNUSED_VARIABLE = YES;
				IPHONEOS_DEPLOYMENT_TARGET = 7.1;
				ONLY_ACTIVE_ARCH = YES;
				SDKROOT = iphoneos;
			};
			name = Debug;
		};
		17D02156194B811800EF5788 /* Release */ = {
			isa = XCBuildConfiguration;
			buildSettings = {
				ALWAYS_SEARCH_USER_PATHS = NO;
				CLANG_CXX_LANGUAGE_STANDARD = "gnu++0x";
				CLANG_CXX_LIBRARY = "libc++";
				CLANG_ENABLE_MODULES = YES;
				CLANG_ENABLE_OBJC_ARC = YES;
				CLANG_WARN_BOOL_CONVERSION = YES;
				CLANG_WARN_CONSTANT_CONVERSION = YES;
				CLANG_WARN_DIRECT_OBJC_ISA_USAGE = YES_ERROR;
				CLANG_WARN_EMPTY_BODY = YES;
				CLANG_WARN_ENUM_CONVERSION = YES;
				CLANG_WARN_INT_CONVERSION = YES;
				CLANG_WARN_OBJC_ROOT_CLASS = YES_ERROR;
				CLANG_WARN__DUPLICATE_METHOD_MATCH = YES;
				COPY_PHASE_STRIP = YES;
				ENABLE_NS_ASSERTIONS = NO;
				GCC_C_LANGUAGE_STANDARD = gnu99;
				GCC_WARN_64_TO_32_BIT_CONVERSION = YES;
				GCC_WARN_ABOUT_RETURN_TYPE = YES_ERROR;
				GCC_WARN_UNDECLARED_SELECTOR = YES;
				GCC_WARN_UNINITIALIZED_AUTOS = YES_AGGRESSIVE;
				GCC_WARN_UNUSED_FUNCTION = YES;
				GCC_WARN_UNUSED_VARIABLE = YES;
				IPHONEOS_DEPLOYMENT_TARGET = 7.1;
				SDKROOT = iphoneos;
				VALIDATE_PRODUCT = YES;
			};
			name = Release;
		};
		17D02158194B811800EF5788 /* Debug */ = {
			isa = XCBuildConfiguration;
			buildSettings = {
				DSTROOT = /tmp/Blueforce.dst;
				GCC_PRECOMPILE_PREFIX_HEADER = YES;
				GCC_PREFIX_HEADER = "Blueforce/Blueforce-Prefix.pch";
				OTHER_LDFLAGS = "-ObjC";
				PRODUCT_NAME = "$(TARGET_NAME)";
				SKIP_INSTALL = YES;
			};
			name = Debug;
		};
		17D02159194B811800EF5788 /* Release */ = {
			isa = XCBuildConfiguration;
			buildSettings = {
				DSTROOT = /tmp/Blueforce.dst;
				GCC_PRECOMPILE_PREFIX_HEADER = YES;
				GCC_PREFIX_HEADER = "Blueforce/Blueforce-Prefix.pch";
				OTHER_LDFLAGS = "-ObjC";
				PRODUCT_NAME = "$(TARGET_NAME)";
				SKIP_INSTALL = YES;
			};
			name = Release;
		};
		17D0215B194B811800EF5788 /* Debug */ = {
			isa = XCBuildConfiguration;
			buildSettings = {
				FRAMEWORK_SEARCH_PATHS = (
					"$(SDKROOT)/Developer/Library/Frameworks",
					"$(inherited)",
					"$(DEVELOPER_FRAMEWORKS_DIR)",
				);
				GCC_PRECOMPILE_PREFIX_HEADER = YES;
				GCC_PREFIX_HEADER = "Blueforce/Blueforce-Prefix.pch";
				GCC_PREPROCESSOR_DEFINITIONS = (
					"DEBUG=1",
					"$(inherited)",
				);
				INFOPLIST_FILE = "BlueforceTests/BlueforceTests-Info.plist";
				PRODUCT_NAME = "$(TARGET_NAME)";
				WRAPPER_EXTENSION = xctest;
			};
			name = Debug;
		};
		17D0215C194B811800EF5788 /* Release */ = {
			isa = XCBuildConfiguration;
			buildSettings = {
				FRAMEWORK_SEARCH_PATHS = (
					"$(SDKROOT)/Developer/Library/Frameworks",
					"$(inherited)",
					"$(DEVELOPER_FRAMEWORKS_DIR)",
				);
				GCC_PRECOMPILE_PREFIX_HEADER = YES;
				GCC_PREFIX_HEADER = "Blueforce/Blueforce-Prefix.pch";
				INFOPLIST_FILE = "BlueforceTests/BlueforceTests-Info.plist";
				PRODUCT_NAME = "$(TARGET_NAME)";
				WRAPPER_EXTENSION = xctest;
			};
			name = Release;
		};
/* End XCBuildConfiguration section */

/* Begin XCConfigurationList section */
		17D0212F194B811800EF5788 /* Build configuration list for PBXProject "Blueforce" */ = {
			isa = XCConfigurationList;
			buildConfigurations = (
				17D02155194B811800EF5788 /* Debug */,
				17D02156194B811800EF5788 /* Release */,
			);
			defaultConfigurationIsVisible = 0;
			defaultConfigurationName = Release;
		};
		17D02157194B811800EF5788 /* Build configuration list for PBXNativeTarget "Blueforce" */ = {
			isa = XCConfigurationList;
			buildConfigurations = (
				17D02158194B811800EF5788 /* Debug */,
				17D02159194B811800EF5788 /* Release */,
			);
			defaultConfigurationIsVisible = 0;
			defaultConfigurationName = Release;
		};
		17D0215A194B811800EF5788 /* Build configuration list for PBXNativeTarget "BlueforceTests" */ = {
			isa = XCConfigurationList;
			buildConfigurations = (
				17D0215B194B811800EF5788 /* Debug */,
				17D0215C194B811800EF5788 /* Release */,
			);
			defaultConfigurationIsVisible = 0;
			defaultConfigurationName = Release;
		};
/* End XCConfigurationList section */
	};
	rootObject = 17D0212C194B811800EF5788 /* Project object */;
}
